// !$*UTF8*$!
{
	archiveVersion = 1;
	classes = {
	};
	objectVersion = 46;
	objects = {

/* Begin PBXBuildFile section */
		6965C7331A77B85A00A04211 /* main.m in Sources */ = {isa = PBXBuildFile; fileRef = 6965C7321A77B85A00A04211 /* main.m */; };
		6965C7361A77B85A00A04211 /* AppDelegate.m in Sources */ = {isa = PBXBuildFile; fileRef = 6965C7351A77B85A00A04211 /* AppDelegate.m */; };
		6965C7391A77B85A00A04211 /* ViewController.m in Sources */ = {isa = PBXBuildFile; fileRef = 6965C7381A77B85A00A04211 /* ViewController.m */; };
		6965C73C1A77B85A00A04211 /* Main.storyboard in Resources */ = {isa = PBXBuildFile; fileRef = 6965C73A1A77B85A00A04211 /* Main.storyboard */; };
		6965C73E1A77B85A00A04211 /* Images.xcassets in Resources */ = {isa = PBXBuildFile; fileRef = 6965C73D1A77B85A00A04211 /* Images.xcassets */; };
		6965C7411A77B85A00A04211 /* LaunchScreen.xib in Resources */ = {isa = PBXBuildFile; fileRef = 6965C73F1A77B85A00A04211 /* LaunchScreen.xib */; };
		6965C74D1A77B85A00A04211 /* StackViewTests.m in Sources */ = {isa = PBXBuildFile; fileRef = 6965C74C1A77B85A00A04211 /* StackViewTests.m */; };
/* End PBXBuildFile section */

/* Begin PBXContainerItemProxy section */
		6965C7471A77B85A00A04211 /* PBXContainerItemProxy */ = {
			isa = PBXContainerItemProxy;
			containerPortal = 6965C7251A77B85A00A04211 /* Project object */;
			proxyType = 1;
			remoteGlobalIDString = 6965C72C1A77B85A00A04211;
			remoteInfo = StackView;
		};
/* End PBXContainerItemProxy section */

/* Begin PBXFileReference section */
		6965C72D1A77B85A00A04211 /* StackView.app */ = {isa = PBXFileReference; explicitFileType = wrapper.application; includeInIndex = 0; path = StackView.app; sourceTree = BUILT_PRODUCTS_DIR; };
		6965C7311A77B85A00A04211 /* Info.plist */ = {isa = PBXFileReference; lastKnownFileType = text.plist.xml; path = Info.plist; sourceTree = "<group>"; };
		6965C7321A77B85A00A04211 /* main.m */ = {isa = PBXFileReference; lastKnownFileType = sourcecode.c.objc; path = main.m; sourceTree = "<group>"; };
		6965C7341A77B85A00A04211 /* AppDelegate.h */ = {isa = PBXFileReference; lastKnownFileType = sourcecode.c.h; path = AppDelegate.h; sourceTree = "<group>"; };
		6965C7351A77B85A00A04211 /* AppDelegate.m */ = {isa = PBXFileReference; lastKnownFileType = sourcecode.c.objc; path = AppDelegate.m; sourceTree = "<group>"; };
		6965C7371A77B85A00A04211 /* ViewController.h */ = {isa = PBXFileReference; lastKnownFileType = sourcecode.c.h; path = ViewController.h; sourceTree = "<group>"; };
		6965C7381A77B85A00A04211 /* ViewController.m */ = {isa = PBXFileReference; lastKnownFileType = sourcecode.c.objc; path = ViewController.m; sourceTree = "<group>"; };
		6965C73B1A77B85A00A04211 /* Base */ = {isa = PBXFileReference; lastKnownFileType = file.storyboard; name = Base; path = Base.lproj/Main.storyboard; sourceTree = "<group>"; };
		6965C73D1A77B85A00A04211 /* Images.xcassets */ = {isa = PBXFileReference; lastKnownFileType = folder.assetcatalog; path = Images.xcassets; sourceTree = "<group>"; };
		6965C7401A77B85A00A04211 /* Base */ = {isa = PBXFileReference; lastKnownFileType = file.xib; name = Base; path = Base.lproj/LaunchScreen.xib; sourceTree = "<group>"; };
		6965C7461A77B85A00A04211 /* StackViewTests.xctest */ = {isa = PBXFileReference; explicitFileType = wrapper.cfbundle; includeInIndex = 0; path = StackViewTests.xctest; sourceTree = BUILT_PRODUCTS_DIR; };
		6965C74B1A77B85A00A04211 /* Info.plist */ = {isa = PBXFileReference; lastKnownFileType = text.plist.xml; path = Info.plist; sourceTree = "<group>"; };
		6965C74C1A77B85A00A04211 /* StackViewTests.m */ = {isa = PBXFileReference; lastKnownFileType = sourcecode.c.objc; path = StackViewTests.m; sourceTree = "<group>"; };
/* End PBXFileReference section */

/* Begin PBXFrameworksBuildPhase section */
		6965C72A1A77B85A00A04211 /* Frameworks */ = {
			isa = PBXFrameworksBuildPhase;
			buildActionMask = 2147483647;
			files = (
			);
			runOnlyForDeploymentPostprocessing = 0;
		};
		6965C7431A77B85A00A04211 /* Frameworks */ = {
			isa = PBXFrameworksBuildPhase;
			buildActionMask = 2147483647;
			files = (
			);
			runOnlyForDeploymentPostprocessing = 0;
		};
/* End PBXFrameworksBuildPhase section */

/* Begin PBXGroup section */
		6965C7241A77B85A00A04211 = {
			isa = PBXGroup;
			children = (
				6965C72F1A77B85A00A04211 /* StackView */,
				6965C7491A77B85A00A04211 /* StackViewTests */,
				6965C72E1A77B85A00A04211 /* Products */,
			);
			sourceTree = "<group>";
		};
		6965C72E1A77B85A00A04211 /* Products */ = {
			isa = PBXGroup;
			children = (
				6965C72D1A77B85A00A04211 /* StackView.app */,
				6965C7461A77B85A00A04211 /* StackViewTests.xctest */,
			);
			name = Products;
			sourceTree = "<group>";
		};
		6965C72F1A77B85A00A04211 /* StackView */ = {
			isa = PBXGroup;
			children = (
				6965C7341A77B85A00A04211 /* AppDelegate.h */,
				6965C7351A77B85A00A04211 /* AppDelegate.m */,
				6965C7371A77B85A00A04211 /* ViewController.h */,
				6965C7381A77B85A00A04211 /* ViewController.m */,
				6965C73A1A77B85A00A04211 /* Main.storyboard */,
				6965C73D1A77B85A00A04211 /* Images.xcassets */,
				6965C73F1A77B85A00A04211 /* LaunchScreen.xib */,
				6965C7301A77B85A00A04211 /* Supporting Files */,
			);
			path = StackView;
			sourceTree = "<group>";
		};
		6965C7301A77B85A00A04211 /* Supporting Files */ = {
			isa = PBXGroup;
			children = (
				6965C7311A77B85A00A04211 /* Info.plist */,
				6965C7321A77B85A00A04211 /* main.m */,
			);
			name = "Supporting Files";
			sourceTree = "<group>";
		};
		6965C7491A77B85A00A04211 /* StackViewTests */ = {
			isa = PBXGroup;
			children = (
				6965C74C1A77B85A00A04211 /* StackViewTests.m */,
				6965C74A1A77B85A00A04211 /* Supporting Files */,
			);
			path = StackViewTests;
			sourceTree = "<group>";
		};
		6965C74A1A77B85A00A04211 /* Supporting Files */ = {
			isa = PBXGroup;
			children = (
				6965C74B1A77B85A00A04211 /* Info.plist */,
			);
			name = "Supporting Files";
			sourceTree = "<group>";
		};
/* End PBXGroup section */

/* Begin PBXNativeTarget section */
		6965C72C1A77B85A00A04211 /* StackView */ = {
			isa = PBXNativeTarget;
			buildConfigurationList = 6965C7501A77B85A00A04211 /* Build configuration list for PBXNativeTarget "StackView" */;
			buildPhases = (
				6965C7291A77B85A00A04211 /* Sources */,
				6965C72A1A77B85A00A04211 /* Frameworks */,
				6965C72B1A77B85A00A04211 /* Resources */,
			);
			buildRules = (
			);
			dependencies = (
			);
			name = StackView;
			productName = StackView;
			productReference = 6965C72D1A77B85A00A04211 /* StackView.app */;
			productType = "com.apple.product-type.application";
		};
		6965C7451A77B85A00A04211 /* StackViewTests */ = {
			isa = PBXNativeTarget;
			buildConfigurationList = 6965C7531A77B85A00A04211 /* Build configuration list for PBXNativeTarget "StackViewTests" */;
			buildPhases = (
				6965C7421A77B85A00A04211 /* Sources */,
				6965C7431A77B85A00A04211 /* Frameworks */,
				6965C7441A77B85A00A04211 /* Resources */,
			);
			buildRules = (
			);
			dependencies = (
				6965C7481A77B85A00A04211 /* PBXTargetDependency */,
			);
			name = StackViewTests;
			productName = StackViewTests;
			productReference = 6965C7461A77B85A00A04211 /* StackViewTests.xctest */;
			productType = "com.apple.product-type.bundle.unit-test";
		};
/* End PBXNativeTarget section */

/* Begin PBXProject section */
		6965C7251A77B85A00A04211 /* Project object */ = {
			isa = PBXProject;
			attributes = {
				LastUpgradeCheck = 0610;
				ORGANIZATIONNAME = UltraSonic;
				TargetAttributes = {
					6965C72C1A77B85A00A04211 = {
						CreatedOnToolsVersion = 6.1;
					};
					6965C7451A77B85A00A04211 = {
						CreatedOnToolsVersion = 6.1;
						TestTargetID = 6965C72C1A77B85A00A04211;
					};
				};
			};
			buildConfigurationList = 6965C7281A77B85A00A04211 /* Build configuration list for PBXProject "StackView" */;
			compatibilityVersion = "Xcode 3.2";
			developmentRegion = English;
			hasScannedForEncodings = 0;
			knownRegions = (
				en,
				Base,
			);
			mainGroup = 6965C7241A77B85A00A04211;
			productRefGroup = 6965C72E1A77B85A00A04211 /* Products */;
			projectDirPath = "";
			projectRoot = "";
			targets = (
				6965C72C1A77B85A00A04211 /* StackView */,
				6965C7451A77B85A00A04211 /* StackViewTests */,
			);
		};
/* End PBXProject section */

/* Begin PBXResourcesBuildPhase section */
		6965C72B1A77B85A00A04211 /* Resources */ = {
			isa = PBXResourcesBuildPhase;
			buildActionMask = 2147483647;
			files = (
				6965C73C1A77B85A00A04211 /* Main.storyboard in Resources */,
				6965C7411A77B85A00A04211 /* LaunchScreen.xib in Resources */,
				6965C73E1A77B85A00A04211 /* Images.xcassets in Resources */,
			);
			runOnlyForDeploymentPostprocessing = 0;
		};
		6965C7441A77B85A00A04211 /* Resources */ = {
			isa = PBXResourcesBuildPhase;
			buildActionMask = 2147483647;
			files = (
			);
			runOnlyForDeploymentPostprocessing = 0;
		};
/* End PBXResourcesBuildPhase section */

/* Begin PBXSourcesBuildPhase section */
		6965C7291A77B85A00A04211 /* Sources */ = {
			isa = PBXSourcesBuildPhase;
			buildActionMask = 2147483647;
			files = (
				6965C7391A77B85A00A04211 /* ViewController.m in Sources */,
				6965C7361A77B85A00A04211 /* AppDelegate.m in Sources */,
				6965C7331A77B85A00A04211 /* main.m in Sources */,
			);
			runOnlyForDeploymentPostprocessing = 0;
		};
		6965C7421A77B85A00A04211 /* Sources */ = {
			isa = PBXSourcesBuildPhase;
			buildActionMask = 2147483647;
			files = (
				6965C74D1A77B85A00A04211 /* StackViewTests.m in Sources */,
			);
			runOnlyForDeploymentPostprocessing = 0;
		};
/* End PBXSourcesBuildPhase section */

/* Begin PBXTargetDependency section */
		6965C7481A77B85A00A04211 /* PBXTargetDependency */ = {
			isa = PBXTargetDependency;
			target = 6965C72C1A77B85A00A04211 /* StackView */;
			targetProxy = 6965C7471A77B85A00A04211 /* PBXContainerItemProxy */;
		};
/* End PBXTargetDependency section */

/* Begin PBXVariantGroup section */
		6965C73A1A77B85A00A04211 /* Main.storyboard */ = {
			isa = PBXVariantGroup;
			children = (
				6965C73B1A77B85A00A04211 /* Base */,
			);
			name = Main.storyboard;
			sourceTree = "<group>";
		};
		6965C73F1A77B85A00A04211 /* LaunchScreen.xib */ = {
			isa = PBXVariantGroup;
			children = (
				6965C7401A77B85A00A04211 /* Base */,
			);
			name = LaunchScreen.xib;
			sourceTree = "<group>";
		};
/* End PBXVariantGroup section */

/* Begin XCBuildConfiguration section */
		6965C74E1A77B85A00A04211 /* Debug */ = {
			isa = XCBuildConfiguration;
			buildSettings = {
				ALWAYS_SEARCH_USER_PATHS = NO;
				CLANG_CXX_LANGUAGE_STANDARD = "gnu++0x";
				CLANG_CXX_LIBRARY = "libc++";
				CLANG_ENABLE_MODULES = YES;
				CLANG_ENABLE_OBJC_ARC = YES;
				CLANG_WARN_BOOL_CONVERSION = YES;
				CLANG_WARN_CONSTANT_CONVERSION = YES;
				CLANG_WARN_DIRECT_OBJC_ISA_USAGE = YES_ERROR;
				CLANG_WARN_EMPTY_BODY = YES;
				CLANG_WARN_ENUM_CONVERSION = YES;
				CLANG_WARN_INT_CONVERSION = YES;
				CLANG_WARN_OBJC_ROOT_CLASS = YES_ERROR;
				CLANG_WARN_UNREACHABLE_CODE = YES;
				CLANG_WARN__DUPLICATE_METHOD_MATCH = YES;
				"CODE_SIGN_IDENTITY[sdk=iphoneos*]" = "iPhone Developer";
				COPY_PHASE_STRIP = NO;
				ENABLE_STRICT_OBJC_MSGSEND = YES;
				GCC_C_LANGUAGE_STANDARD = gnu99;
				GCC_DYNAMIC_NO_PIC = NO;
				GCC_OPTIMIZATION_LEVEL = 0;
				GCC_PREPROCESSOR_DEFINITIONS = (
					"DEBUG=1",
					"$(inherited)",
				);
				GCC_SYMBOLS_PRIVATE_EXTERN = NO;
				GCC_WARN_64_TO_32_BIT_CONVERSION = YES;
				GCC_WARN_ABOUT_RETURN_TYPE = YES_ERROR;
				GCC_WARN_UNDECLARED_SELECTOR = YES;
				GCC_WARN_UNINITIALIZED_AUTOS = YES_AGGRESSIVE;
				GCC_WARN_UNUSED_FUNCTION = YES;
				GCC_WARN_UNUSED_VARIABLE = YES;
				IPHONEOS_DEPLOYMENT_TARGET = 8.1;
				MTL_ENABLE_DEBUG_INFO = YES;
				ONLY_ACTIVE_ARCH = YES;
				SDKROOT = iphoneos;
			};
			name = Debug;
		};
		6965C74F1A77B85A00A04211 /* Release */ = {
			isa = XCBuildConfiguration;
			buildSettings = {
				ALWAYS_SEARCH_USER_PATHS = NO;
				CLANG_CXX_LANGUAGE_STANDARD = "gnu++0x";
				CLANG_CXX_LIBRARY = "libc++";
				CLANG_ENABLE_MODULES = YES;
				CLANG_ENABLE_OBJC_ARC = YES;
				CLANG_WARN_BOOL_CONVERSION = YES;
				CLANG_WARN_CONSTANT_CONVERSION = YES;
				CLANG_WARN_DIRECT_OBJC_ISA_USAGE = YES_ERROR;
				CLANG_WARN_EMPTY_BODY = YES;
				CLANG_WARN_ENUM_CONVERSION = YES;
				CLANG_WARN_INT_CONVERSION = YES;
				CLANG_WARN_OBJC_ROOT_CLASS = YES_ERROR;
				CLANG_WARN_UNREACHABLE_CODE = YES;
				CLANG_WARN__DUPLICATE_METHOD_MATCH = YES;
				"CODE_SIGN_IDENTITY[sdk=iphoneos*]" = "iPhone Developer";
				COPY_PHASE_STRIP = YES;
				ENABLE_NS_ASSERTIONS = NO;
				ENABLE_STRICT_OBJC_MSGSEND = YES;
				GCC_C_LANGUAGE_STANDARD = gnu99;
				GCC_WARN_64_TO_32_BIT_CONVERSION = YES;
				GCC_WARN_ABOUT_RETURN_TYPE = YES_ERROR;
				GCC_WARN_UNDECLARED_SELECTOR = YES;
				GCC_WARN_UNINITIALIZED_AUTOS = YES_AGGRESSIVE;
				GCC_WARN_UNUSED_FUNCTION = YES;
				GCC_WARN_UNUSED_VARIABLE = YES;
				IPHONEOS_DEPLOYMENT_TARGET = 8.1;
				MTL_ENABLE_DEBUG_INFO = NO;
				SDKROOT = iphoneos;
				VALIDATE_PRODUCT = YES;
			};
			name = Release;
		};
		6965C7511A77B85A00A04211 /* Debug */ = {
			isa = XCBuildConfiguration;
			buildSettings = {
				ASSETCATALOG_COMPILER_APPICON_NAME = AppIcon;
				INFOPLIST_FILE = StackView/Info.plist;
				LD_RUNPATH_SEARCH_PATHS = "$(inherited) @executable_path/Frameworks";
				PRODUCT_NAME = "$(TARGET_NAME)";
			};
			name = Debug;
		};
		6965C7521A77B85A00A04211 /* Release */ = {
			isa = XCBuildConfiguration;
			buildSettings = {
				ASSETCATALOG_COMPILER_APPICON_NAME = AppIcon;
				INFOPLIST_FILE = StackView/Info.plist;
				LD_RUNPATH_SEARCH_PATHS = "$(inherited) @executable_path/Frameworks";
				PRODUCT_NAME = "$(TARGET_NAME)";
			};
			name = Release;
		};
		6965C7541A77B85A00A04211 /* Debug */ = {
			isa = XCBuildConfiguration;
			buildSettings = {
				BUNDLE_LOADER = "$(TEST_HOST)";
				FRAMEWORK_SEARCH_PATHS = (
					"$(SDKROOT)/Developer/Library/Frameworks",
					"$(inherited)",
				);
				GCC_PREPROCESSOR_DEFINITIONS = (
					"DEBUG=1",
					"$(inherited)",
				);
				INFOPLIST_FILE = StackViewTests/Info.plist;
				LD_RUNPATH_SEARCH_PATHS = "$(inherited) @executable_path/Frameworks @loader_path/Frameworks";
				PRODUCT_NAME = "$(TARGET_NAME)";
				TEST_HOST = "$(BUILT_PRODUCTS_DIR)/StackView.app/StackView";
			};
			name = Debug;
		};
		6965C7551A77B85A00A04211 /* Release */ = {
			isa = XCBuildConfiguration;
			buildSettings = {
				BUNDLE_LOADER = "$(TEST_HOST)";
				FRAMEWORK_SEARCH_PATHS = (
					"$(SDKROOT)/Developer/Library/Frameworks",
					"$(inherited)",
				);
				INFOPLIST_FILE = StackViewTests/Info.plist;
				LD_RUNPATH_SEARCH_PATHS = "$(inherited) @executable_path/Frameworks @loader_path/Frameworks";
				PRODUCT_NAME = "$(TARGET_NAME)";
				TEST_HOST = "$(BUILT_PRODUCTS_DIR)/StackView.app/StackView";
			};
			name = Release;
		};
/* End XCBuildConfiguration section */

/* Begin XCConfigurationList section */
		6965C7281A77B85A00A04211 /* Build configuration list for PBXProject "StackView" */ = {
			isa = XCConfigurationList;
			buildConfigurations = (
				6965C74E1A77B85A00A04211 /* Debug */,
				6965C74F1A77B85A00A04211 /* Release */,
			);
			defaultConfigurationIsVisible = 0;
			defaultConfigurationName = Release;
		};
		6965C7501A77B85A00A04211 /* Build configuration list for PBXNativeTarget "StackView" */ = {
			isa = XCConfigurationList;
			buildConfigurations = (
				6965C7511A77B85A00A04211 /* Debug */,
				6965C7521A77B85A00A04211 /* Release */,
			);
			defaultConfigurationIsVisible = 0;
		};
		6965C7531A77B85A00A04211 /* Build configuration list for PBXNativeTarget "StackViewTests" */ = {
			isa = XCConfigurationList;
			buildConfigurations = (
				6965C7541A77B85A00A04211 /* Debug */,
				6965C7551A77B85A00A04211 /* Release */,
			);
			defaultConfigurationIsVisible = 0;
		};
/* End XCConfigurationList section */
	};
	rootObject = 6965C7251A77B85A00A04211 /* Project object */;
}
